
Microsoft Visual Studio Solution File, Format Version 12.00
# Visual Studio Version 16
VisualStudioVersion = 16.0.30907.101
MinimumVisualStudioVersion = 10.0.40219.1
Project("{FAE04EC0-301F-11D3-BF4B-00C04F79EFBC}") = "enum_emp", "enum_emp\enum_emp.csproj", "{9C01FC8B-C592-4C48-A15D-A924DF43F834}"
EndProject
Global
	GlobalSection(SolutionConfigurationPlatforms) = preSolution
		Debug|Any CPU = Debug|Any CPU
		Release|Any CPU = Release|Any CPU
	EndGlobalSection
	GlobalSection(ProjectConfigurationPlatforms) = postSolution
		{9C01FC8B-C592-4C48-A15D-A924DF43F834}.Debug|Any CPU.ActiveCfg = Debug|Any CPU
		{9C01FC8B-C592-4C48-A15D-A924DF43F834}.Debug|Any CPU.Build.0 = Debug|Any CPU
		{9C01FC8B-C592-4C48-A15D-A924DF43F834}.Release|Any CPU.ActiveCfg = Release|Any CPU
		{9C01FC8B-C592-4C48-A15D-A924DF43F834}.Release|Any CPU.Build.0 = Release|Any CPU
	EndGlobalSection
	GlobalSection(SolutionProperties) = preSolution
		HideSolutionNode = FALSE
	EndGlobalSection
	GlobalSection(ExtensibilityGlobals) = postSolution
		SolutionGuid = {AAC2C926-D3D8-4047-9744-2F5EBC482497}
	EndGlobalSection
EndGlobal
